
Microsoft Visual Studio Solution File, Format Version 12.00
# Visual Studio Version 17
VisualStudioVersion = 17.0.31912.275
MinimumVisualStudioVersion = 10.0.40219.1
Project("{FAE04EC0-301F-11D3-BF4B-00C04F79EFBC}") = "WebAPI", "WebAPI.csproj", "{B6DA027C-3CF5-4171-8E95-0DADCF725E88}"
EndProject
Global
	GlobalSection(SolutionConfigurationPlatforms) = preSolution
		Debug|Any CPU = Debug|Any CPU
		Release|Any CPU = Release|Any CPU
	EndGlobalSection
	GlobalSection(ProjectConfigurationPlatforms) = postSolution
		{B6DA027C-3CF5-4171-8E95-0DADCF725E88}.Debug|Any CPU.ActiveCfg = Debug|Any CPU
		{B6DA027C-3CF5-4171-8E95-0DADCF725E88}.Debug|Any CPU.Build.0 = Debug|Any CPU
		{B6DA027C-3CF5-4171-8E95-0DADCF725E88}.Release|Any CPU.ActiveCfg = Release|Any CPU
		{B6DA027C-3CF5-4171-8E95-0DADCF725E88}.Release|Any CPU.Build.0 = Release|Any CPU
	EndGlobalSection
	GlobalSection(SolutionProperties) = preSolution
		HideSolutionNode = FALSE
	EndGlobalSection
	GlobalSection(ExtensibilityGlobals) = postSolution
		SolutionGuid = {D945C91A-1E39-42DB-A960-79017E052323}
	EndGlobalSection
EndGlobal
